// !$*UTF8*$!
{
	archiveVersion = 1;
	classes = {
	};
	objectVersion = 51;
	objects = {

/* Begin PBXBuildFile section */
		5CA8CD7B34046589921E6760 /* Pods_UberClone.framework in Frameworks */ = {isa = PBXBuildFile; fileRef = D9762178403099EC97CA5DB6 /* Pods_UberClone.framework */; };
		6CBCDB11247F4B680045ED4A /* AppDelegate.swift in Sources */ = {isa = PBXBuildFile; fileRef = 6CBCDB10247F4B680045ED4A /* AppDelegate.swift */; };
		6CBCDB13247F4B680045ED4A /* SceneDelegate.swift in Sources */ = {isa = PBXBuildFile; fileRef = 6CBCDB12247F4B680045ED4A /* SceneDelegate.swift */; };
		6CBCDB15247F4B680045ED4A /* LoginController.swift in Sources */ = {isa = PBXBuildFile; fileRef = 6CBCDB14247F4B680045ED4A /* LoginController.swift */; };
		6CBCDB1A247F4B6B0045ED4A /* Assets.xcassets in Resources */ = {isa = PBXBuildFile; fileRef = 6CBCDB19247F4B6B0045ED4A /* Assets.xcassets */; };
		6CBCDB1D247F4B6B0045ED4A /* LaunchScreen.storyboard in Resources */ = {isa = PBXBuildFile; fileRef = 6CBCDB1B247F4B6B0045ED4A /* LaunchScreen.storyboard */; };
		6CBCDB2B247F50640045ED4A /* UIView+Ext.swift in Sources */ = {isa = PBXBuildFile; fileRef = 6CBCDB2A247F50640045ED4A /* UIView+Ext.swift */; };
		6CBCDB2D247F6D4E0045ED4A /* UITextField+Ext.swift in Sources */ = {isa = PBXBuildFile; fileRef = 6CBCDB2C247F6D4E0045ED4A /* UITextField+Ext.swift */; };
		6CCFBFB52480B5D100ACE28B /* SignUpController.swift in Sources */ = {isa = PBXBuildFile; fileRef = 6CCFBFB42480B5D100ACE28B /* SignUpController.swift */; };
		6CCFBFB72480C36600ACE28B /* AuthButton.swift in Sources */ = {isa = PBXBuildFile; fileRef = 6CCFBFB62480C36600ACE28B /* AuthButton.swift */; };
		6CCFBFB92480CAB900ACE28B /* GoogleService-Info.plist in Resources */ = {isa = PBXBuildFile; fileRef = 6CCFBFB82480CAB900ACE28B /* GoogleService-Info.plist */; };
		6CDA4EFA248201CE001D6D06 /* HomeController.swift in Sources */ = {isa = PBXBuildFile; fileRef = 6CDA4EF9248201CE001D6D06 /* HomeController.swift */; };
		6CE06798247F8DC20041D4AF /* UIColor+Ext.swift in Sources */ = {isa = PBXBuildFile; fileRef = 6CE06797247F8DC20041D4AF /* UIColor+Ext.swift */; };
/* End PBXBuildFile section */

/* Begin PBXFileReference section */
		5F69B9A504FB242979232154 /* Pods-UberClone.debug.xcconfig */ = {isa = PBXFileReference; includeInIndex = 1; lastKnownFileType = text.xcconfig; name = "Pods-UberClone.debug.xcconfig"; path = "Target Support Files/Pods-UberClone/Pods-UberClone.debug.xcconfig"; sourceTree = "<group>"; };
		6CBCDB0D247F4B680045ED4A /* UberClone.app */ = {isa = PBXFileReference; explicitFileType = wrapper.application; includeInIndex = 0; path = UberClone.app; sourceTree = BUILT_PRODUCTS_DIR; };
		6CBCDB10247F4B680045ED4A /* AppDelegate.swift */ = {isa = PBXFileReference; lastKnownFileType = sourcecode.swift; path = AppDelegate.swift; sourceTree = "<group>"; };
		6CBCDB12247F4B680045ED4A /* SceneDelegate.swift */ = {isa = PBXFileReference; lastKnownFileType = sourcecode.swift; path = SceneDelegate.swift; sourceTree = "<group>"; };
		6CBCDB14247F4B680045ED4A /* LoginController.swift */ = {isa = PBXFileReference; lastKnownFileType = sourcecode.swift; path = LoginController.swift; sourceTree = "<group>"; };
		6CBCDB19247F4B6B0045ED4A /* Assets.xcassets */ = {isa = PBXFileReference; lastKnownFileType = folder.assetcatalog; path = Assets.xcassets; sourceTree = "<group>"; };
		6CBCDB1C247F4B6B0045ED4A /* Base */ = {isa = PBXFileReference; lastKnownFileType = file.storyboard; name = Base; path = Base.lproj/LaunchScreen.storyboard; sourceTree = "<group>"; };
		6CBCDB1E247F4B6B0045ED4A /* Info.plist */ = {isa = PBXFileReference; lastKnownFileType = text.plist.xml; path = Info.plist; sourceTree = "<group>"; };
		6CBCDB2A247F50640045ED4A /* UIView+Ext.swift */ = {isa = PBXFileReference; lastKnownFileType = sourcecode.swift; path = "UIView+Ext.swift"; sourceTree = "<group>"; };
		6CBCDB2C247F6D4E0045ED4A /* UITextField+Ext.swift */ = {isa = PBXFileReference; lastKnownFileType = sourcecode.swift; path = "UITextField+Ext.swift"; sourceTree = "<group>"; };
		6CCFBFB42480B5D100ACE28B /* SignUpController.swift */ = {isa = PBXFileReference; lastKnownFileType = sourcecode.swift; path = SignUpController.swift; sourceTree = "<group>"; };
		6CCFBFB62480C36600ACE28B /* AuthButton.swift */ = {isa = PBXFileReference; lastKnownFileType = sourcecode.swift; path = AuthButton.swift; sourceTree = "<group>"; };
		6CCFBFB82480CAB900ACE28B /* GoogleService-Info.plist */ = {isa = PBXFileReference; lastKnownFileType = text.plist; path = "GoogleService-Info.plist"; sourceTree = SOURCE_ROOT; };
		6CDA4EF9248201CE001D6D06 /* HomeController.swift */ = {isa = PBXFileReference; lastKnownFileType = sourcecode.swift; path = HomeController.swift; sourceTree = "<group>"; };
		6CE06797247F8DC20041D4AF /* UIColor+Ext.swift */ = {isa = PBXFileReference; lastKnownFileType = sourcecode.swift; path = "UIColor+Ext.swift"; sourceTree = "<group>"; };
		B2A973C7436611029FFB9D62 /* Pods-UberClone.release.xcconfig */ = {isa = PBXFileReference; includeInIndex = 1; lastKnownFileType = text.xcconfig; name = "Pods-UberClone.release.xcconfig"; path = "Target Support Files/Pods-UberClone/Pods-UberClone.release.xcconfig"; sourceTree = "<group>"; };
		D9762178403099EC97CA5DB6 /* Pods_UberClone.framework */ = {isa = PBXFileReference; explicitFileType = wrapper.framework; includeInIndex = 0; path = Pods_UberClone.framework; sourceTree = BUILT_PRODUCTS_DIR; };
/* End PBXFileReference section */

/* Begin PBXFrameworksBuildPhase section */
		6CBCDB0A247F4B680045ED4A /* Frameworks */ = {
			isa = PBXFrameworksBuildPhase;
			buildActionMask = 2147483647;
			files = (
				5CA8CD7B34046589921E6760 /* Pods_UberClone.framework in Frameworks */,
			);
			runOnlyForDeploymentPostprocessing = 0;
		};
/* End PBXFrameworksBuildPhase section */

/* Begin PBXGroup section */
		6CBCDB04247F4B680045ED4A = {
			isa = PBXGroup;
			children = (
				6CBCDB0F247F4B680045ED4A /* UberClone */,
				6CBCDB0E247F4B680045ED4A /* Products */,
				FE6C0FFA6E0092F88B2B643D /* Pods */,
				FCB2BFEB92656EC235F19515 /* Frameworks */,
			);
			sourceTree = "<group>";
		};
		6CBCDB0E247F4B680045ED4A /* Products */ = {
			isa = PBXGroup;
			children = (
				6CBCDB0D247F4B680045ED4A /* UberClone.app */,
			);
			name = Products;
			sourceTree = "<group>";
		};
		6CBCDB0F247F4B680045ED4A /* UberClone */ = {
			isa = PBXGroup;
			children = (
				6CBCDB28247F4BD00045ED4A /* Model */,
				6CBCDB27247F4BCD0045ED4A /* View */,
				6CBCDB26247F4BCA0045ED4A /* Controller */,
				6CBCDB25247F4BC70045ED4A /* Service */,
				6CBCDB24247F4BC40045ED4A /* Utilities */,
				6CBCDB10247F4B680045ED4A /* AppDelegate.swift */,
				6CBCDB12247F4B680045ED4A /* SceneDelegate.swift */,
				6CBCDB19247F4B6B0045ED4A /* Assets.xcassets */,
				6CBCDB1B247F4B6B0045ED4A /* LaunchScreen.storyboard */,
				6CCFBFB82480CAB900ACE28B /* GoogleService-Info.plist */,
				6CBCDB1E247F4B6B0045ED4A /* Info.plist */,
			);
			path = UberClone;
			sourceTree = "<group>";
		};
		6CBCDB24247F4BC40045ED4A /* Utilities */ = {
			isa = PBXGroup;
			children = (
				6CBCDB29247F50510045ED4A /* Extensions */,
			);
			path = Utilities;
			sourceTree = "<group>";
		};
		6CBCDB25247F4BC70045ED4A /* Service */ = {
			isa = PBXGroup;
			children = (
			);
			path = Service;
			sourceTree = "<group>";
		};
		6CBCDB26247F4BCA0045ED4A /* Controller */ = {
			isa = PBXGroup;
			children = (
				6CBCDB14247F4B680045ED4A /* LoginController.swift */,
				6CCFBFB42480B5D100ACE28B /* SignUpController.swift */,
				6CDA4EF9248201CE001D6D06 /* HomeController.swift */,
			);
			path = Controller;
			sourceTree = "<group>";
		};
		6CBCDB27247F4BCD0045ED4A /* View */ = {
			isa = PBXGroup;
			children = (
				6CCFBFB62480C36600ACE28B /* AuthButton.swift */,
			);
			path = View;
			sourceTree = "<group>";
		};
		6CBCDB28247F4BD00045ED4A /* Model */ = {
			isa = PBXGroup;
			children = (
			);
			path = Model;
			sourceTree = "<group>";
		};
		6CBCDB29247F50510045ED4A /* Extensions */ = {
			isa = PBXGroup;
			children = (
				6CBCDB2A247F50640045ED4A /* UIView+Ext.swift */,
				6CBCDB2C247F6D4E0045ED4A /* UITextField+Ext.swift */,
				6CE06797247F8DC20041D4AF /* UIColor+Ext.swift */,
			);
			path = Extensions;
			sourceTree = "<group>";
		};
		FCB2BFEB92656EC235F19515 /* Frameworks */ = {
			isa = PBXGroup;
			children = (
				D9762178403099EC97CA5DB6 /* Pods_UberClone.framework */,
			);
			name = Frameworks;
			sourceTree = "<group>";
		};
		FE6C0FFA6E0092F88B2B643D /* Pods */ = {
			isa = PBXGroup;
			children = (
				5F69B9A504FB242979232154 /* Pods-UberClone.debug.xcconfig */,
				B2A973C7436611029FFB9D62 /* Pods-UberClone.release.xcconfig */,
			);
			path = Pods;
			sourceTree = "<group>";
		};
/* End PBXGroup section */

/* Begin PBXNativeTarget section */
		6CBCDB0C247F4B680045ED4A /* UberClone */ = {
			isa = PBXNativeTarget;
			buildConfigurationList = 6CBCDB21247F4B6B0045ED4A /* Build configuration list for PBXNativeTarget "UberClone" */;
			buildPhases = (
				09BAFF3B8EDDFD5269E0FA0D /* [CP] Check Pods Manifest.lock */,
				6CBCDB09247F4B680045ED4A /* Sources */,
				6CBCDB0A247F4B680045ED4A /* Frameworks */,
				6CBCDB0B247F4B680045ED4A /* Resources */,
				1340E4AEDBBBB6E127B6C3F1 /* [CP] Embed Pods Frameworks */,
			);
			buildRules = (
			);
			dependencies = (
			);
			name = UberClone;
			productName = UberClone;
			productReference = 6CBCDB0D247F4B680045ED4A /* UberClone.app */;
			productType = "com.apple.product-type.application";
		};
/* End PBXNativeTarget section */

/* Begin PBXProject section */
		6CBCDB05247F4B680045ED4A /* Project object */ = {
			isa = PBXProject;
			attributes = {
				LastSwiftUpdateCheck = 1150;
				LastUpgradeCheck = 1150;
				ORGANIZATIONNAME = SonnerStudio;
				TargetAttributes = {
					6CBCDB0C247F4B680045ED4A = {
						CreatedOnToolsVersion = 11.5;
					};
				};
			};
			buildConfigurationList = 6CBCDB08247F4B680045ED4A /* Build configuration list for PBXProject "UberClone" */;
			compatibilityVersion = "Xcode 9.3";
			developmentRegion = en;
			hasScannedForEncodings = 0;
			knownRegions = (
				en,
				Base,
			);
			mainGroup = 6CBCDB04247F4B680045ED4A;
			productRefGroup = 6CBCDB0E247F4B680045ED4A /* Products */;
			projectDirPath = "";
			projectRoot = "";
			targets = (
				6CBCDB0C247F4B680045ED4A /* UberClone */,
			);
		};
/* End PBXProject section */

/* Begin PBXResourcesBuildPhase section */
		6CBCDB0B247F4B680045ED4A /* Resources */ = {
			isa = PBXResourcesBuildPhase;
			buildActionMask = 2147483647;
			files = (
				6CBCDB1D247F4B6B0045ED4A /* LaunchScreen.storyboard in Resources */,
				6CBCDB1A247F4B6B0045ED4A /* Assets.xcassets in Resources */,
				6CCFBFB92480CAB900ACE28B /* GoogleService-Info.plist in Resources */,
			);
			runOnlyForDeploymentPostprocessing = 0;
		};
/* End PBXResourcesBuildPhase section */

/* Begin PBXShellScriptBuildPhase section */
		09BAFF3B8EDDFD5269E0FA0D /* [CP] Check Pods Manifest.lock */ = {
			isa = PBXShellScriptBuildPhase;
			buildActionMask = 2147483647;
			files = (
			);
			inputFileListPaths = (
			);
			inputPaths = (
				"${PODS_PODFILE_DIR_PATH}/Podfile.lock",
				"${PODS_ROOT}/Manifest.lock",
			);
			name = "[CP] Check Pods Manifest.lock";
			outputFileListPaths = (
			);
			outputPaths = (
				"$(DERIVED_FILE_DIR)/Pods-UberClone-checkManifestLockResult.txt",
			);
			runOnlyForDeploymentPostprocessing = 0;
			shellPath = /bin/sh;
			shellScript = "diff \"${PODS_PODFILE_DIR_PATH}/Podfile.lock\" \"${PODS_ROOT}/Manifest.lock\" > /dev/null\nif [ $? != 0 ] ; then\n    # print error to STDERR\n    echo \"error: The sandbox is not in sync with the Podfile.lock. Run 'pod install' or update your CocoaPods installation.\" >&2\n    exit 1\nfi\n# This output is used by Xcode 'outputs' to avoid re-running this script phase.\necho \"SUCCESS\" > \"${SCRIPT_OUTPUT_FILE_0}\"\n";
			showEnvVarsInLog = 0;
		};
		1340E4AEDBBBB6E127B6C3F1 /* [CP] Embed Pods Frameworks */ = {
			isa = PBXShellScriptBuildPhase;
			buildActionMask = 2147483647;
			files = (
			);
			inputFileListPaths = (
				"${PODS_ROOT}/Target Support Files/Pods-UberClone/Pods-UberClone-frameworks-${CONFIGURATION}-input-files.xcfilelist",
			);
			name = "[CP] Embed Pods Frameworks";
			outputFileListPaths = (
				"${PODS_ROOT}/Target Support Files/Pods-UberClone/Pods-UberClone-frameworks-${CONFIGURATION}-output-files.xcfilelist",
			);
			runOnlyForDeploymentPostprocessing = 0;
			shellPath = /bin/sh;
			shellScript = "\"${PODS_ROOT}/Target Support Files/Pods-UberClone/Pods-UberClone-frameworks.sh\"\n";
			showEnvVarsInLog = 0;
		};
/* End PBXShellScriptBuildPhase section */

/* Begin PBXSourcesBuildPhase section */
		6CBCDB09247F4B680045ED4A /* Sources */ = {
			isa = PBXSourcesBuildPhase;
			buildActionMask = 2147483647;
			files = (
				6CBCDB2B247F50640045ED4A /* UIView+Ext.swift in Sources */,
				6CCFBFB72480C36600ACE28B /* AuthButton.swift in Sources */,
				6CBCDB2D247F6D4E0045ED4A /* UITextField+Ext.swift in Sources */,
				6CCFBFB52480B5D100ACE28B /* SignUpController.swift in Sources */,
				6CBCDB15247F4B680045ED4A /* LoginController.swift in Sources */,
				6CDA4EFA248201CE001D6D06 /* HomeController.swift in Sources */,
				6CE06798247F8DC20041D4AF /* UIColor+Ext.swift in Sources */,
				6CBCDB11247F4B680045ED4A /* AppDelegate.swift in Sources */,
				6CBCDB13247F4B680045ED4A /* SceneDelegate.swift in Sources */,
			);
			runOnlyForDeploymentPostprocessing = 0;
		};
/* End PBXSourcesBuildPhase section */

/* Begin PBXVariantGroup section */
		6CBCDB1B247F4B6B0045ED4A /* LaunchScreen.storyboard */ = {
			isa = PBXVariantGroup;
			children = (
				6CBCDB1C247F4B6B0045ED4A /* Base */,
			);
			name = LaunchScreen.storyboard;
			sourceTree = "<group>";
		};
/* End PBXVariantGroup section */

/* Begin XCBuildConfiguration section */
		6CBCDB1F247F4B6B0045ED4A /* Debug */ = {
			isa = XCBuildConfiguration;
			buildSettings = {
				ALWAYS_SEARCH_USER_PATHS = NO;
				CLANG_ANALYZER_NONNULL = YES;
				CLANG_ANALYZER_NUMBER_OBJECT_CONVERSION = YES_AGGRESSIVE;
				CLANG_CXX_LANGUAGE_STANDARD = "gnu++14";
				CLANG_CXX_LIBRARY = "libc++";
				CLANG_ENABLE_MODULES = YES;
				CLANG_ENABLE_OBJC_ARC = YES;
				CLANG_ENABLE_OBJC_WEAK = YES;
				CLANG_WARN_BLOCK_CAPTURE_AUTORELEASING = YES;
				CLANG_WARN_BOOL_CONVERSION = YES;
				CLANG_WARN_COMMA = YES;
				CLANG_WARN_CONSTANT_CONVERSION = YES;
				CLANG_WARN_DEPRECATED_OBJC_IMPLEMENTATIONS = YES;
				CLANG_WARN_DIRECT_OBJC_ISA_USAGE = YES_ERROR;
				CLANG_WARN_DOCUMENTATION_COMMENTS = YES;
				CLANG_WARN_EMPTY_BODY = YES;
				CLANG_WARN_ENUM_CONVERSION = YES;
				CLANG_WARN_INFINITE_RECURSION = YES;
				CLANG_WARN_INT_CONVERSION = YES;
				CLANG_WARN_NON_LITERAL_NULL_CONVERSION = YES;
				CLANG_WARN_OBJC_IMPLICIT_RETAIN_SELF = YES;
				CLANG_WARN_OBJC_LITERAL_CONVERSION = YES;
				CLANG_WARN_OBJC_ROOT_CLASS = YES_ERROR;
				CLANG_WARN_RANGE_LOOP_ANALYSIS = YES;
				CLANG_WARN_STRICT_PROTOTYPES = YES;
				CLANG_WARN_SUSPICIOUS_MOVE = YES;
				CLANG_WARN_UNGUARDED_AVAILABILITY = YES_AGGRESSIVE;
				CLANG_WARN_UNREACHABLE_CODE = YES;
				CLANG_WARN__DUPLICATE_METHOD_MATCH = YES;
				COPY_PHASE_STRIP = NO;
				DEBUG_INFORMATION_FORMAT = dwarf;
				ENABLE_STRICT_OBJC_MSGSEND = YES;
				ENABLE_TESTABILITY = YES;
				GCC_C_LANGUAGE_STANDARD = gnu11;
				GCC_DYNAMIC_NO_PIC = NO;
				GCC_NO_COMMON_BLOCKS = YES;
				GCC_OPTIMIZATION_LEVEL = 0;
				GCC_PREPROCESSOR_DEFINITIONS = (
					"DEBUG=1",
					"$(inherited)",
				);
				GCC_WARN_64_TO_32_BIT_CONVERSION = YES;
				GCC_WARN_ABOUT_RETURN_TYPE = YES_ERROR;
				GCC_WARN_UNDECLARED_SELECTOR = YES;
				GCC_WARN_UNINITIALIZED_AUTOS = YES_AGGRESSIVE;
				GCC_WARN_UNUSED_FUNCTION = YES;
				GCC_WARN_UNUSED_VARIABLE = YES;
				IPHONEOS_DEPLOYMENT_TARGET = 13.5;
				MTL_ENABLE_DEBUG_INFO = INCLUDE_SOURCE;
				MTL_FAST_MATH = YES;
				ONLY_ACTIVE_ARCH = YES;
				SDKROOT = iphoneos;
				SWIFT_ACTIVE_COMPILATION_CONDITIONS = DEBUG;
				SWIFT_OPTIMIZATION_LEVEL = "-Onone";
			};
			name = Debug;
		};
		6CBCDB20247F4B6B0045ED4A /* Release */ = {
			isa = XCBuildConfiguration;
			buildSettings = {
				ALWAYS_SEARCH_USER_PATHS = NO;
				CLANG_ANALYZER_NONNULL = YES;
				CLANG_ANALYZER_NUMBER_OBJECT_CONVERSION = YES_AGGRESSIVE;
				CLANG_CXX_LANGUAGE_STANDARD = "gnu++14";
				CLANG_CXX_LIBRARY = "libc++";
				CLANG_ENABLE_MODULES = YES;
				CLANG_ENABLE_OBJC_ARC = YES;
				CLANG_ENABLE_OBJC_WEAK = YES;
				CLANG_WARN_BLOCK_CAPTURE_AUTORELEASING = YES;
				CLANG_WARN_BOOL_CONVERSION = YES;
				CLANG_WARN_COMMA = YES;
				CLANG_WARN_CONSTANT_CONVERSION = YES;
				CLANG_WARN_DEPRECATED_OBJC_IMPLEMENTATIONS = YES;
				CLANG_WARN_DIRECT_OBJC_ISA_USAGE = YES_ERROR;
				CLANG_WARN_DOCUMENTATION_COMMENTS = YES;
				CLANG_WARN_EMPTY_BODY = YES;
				CLANG_WARN_ENUM_CONVERSION = YES;
				CLANG_WARN_INFINITE_RECURSION = YES;
				CLANG_WARN_INT_CONVERSION = YES;
				CLANG_WARN_NON_LITERAL_NULL_CONVERSION = YES;
				CLANG_WARN_OBJC_IMPLICIT_RETAIN_SELF = YES;
				CLANG_WARN_OBJC_LITERAL_CONVERSION = YES;
				CLANG_WARN_OBJC_ROOT_CLASS = YES_ERROR;
				CLANG_WARN_RANGE_LOOP_ANALYSIS = YES;
				CLANG_WARN_STRICT_PROTOTYPES = YES;
				CLANG_WARN_SUSPICIOUS_MOVE = YES;
				CLANG_WARN_UNGUARDED_AVAILABILITY = YES_AGGRESSIVE;
				CLANG_WARN_UNREACHABLE_CODE = YES;
				CLANG_WARN__DUPLICATE_METHOD_MATCH = YES;
				COPY_PHASE_STRIP = NO;
				DEBUG_INFORMATION_FORMAT = "dwarf-with-dsym";
				ENABLE_NS_ASSERTIONS = NO;
				ENABLE_STRICT_OBJC_MSGSEND = YES;
				GCC_C_LANGUAGE_STANDARD = gnu11;
				GCC_NO_COMMON_BLOCKS = YES;
				GCC_WARN_64_TO_32_BIT_CONVERSION = YES;
				GCC_WARN_ABOUT_RETURN_TYPE = YES_ERROR;
				GCC_WARN_UNDECLARED_SELECTOR = YES;
				GCC_WARN_UNINITIALIZED_AUTOS = YES_AGGRESSIVE;
				GCC_WARN_UNUSED_FUNCTION = YES;
				GCC_WARN_UNUSED_VARIABLE = YES;
				IPHONEOS_DEPLOYMENT_TARGET = 13.5;
				MTL_ENABLE_DEBUG_INFO = NO;
				MTL_FAST_MATH = YES;
				SDKROOT = iphoneos;
				SWIFT_COMPILATION_MODE = wholemodule;
				SWIFT_OPTIMIZATION_LEVEL = "-O";
				VALIDATE_PRODUCT = YES;
			};
			name = Release;
		};
		6CBCDB22247F4B6B0045ED4A /* Debug */ = {
			isa = XCBuildConfiguration;
			baseConfigurationReference = 5F69B9A504FB242979232154 /* Pods-UberClone.debug.xcconfig */;
			buildSettings = {
				ASSETCATALOG_COMPILER_APPICON_NAME = AppIcon;
				CODE_SIGN_STYLE = Automatic;
				DEVELOPMENT_TEAM = 58B9M9NL9X;
				INFOPLIST_FILE = UberClone/Info.plist;
				LD_RUNPATH_SEARCH_PATHS = (
					"$(inherited)",
					"@executable_path/Frameworks",
				);
				PRODUCT_BUNDLE_IDENTIFIER = com.sonnenstudio.UberClone;
				PRODUCT_NAME = "$(TARGET_NAME)";
				SWIFT_VERSION = 5.0;
				TARGETED_DEVICE_FAMILY = "1,2";
			};
			name = Debug;
		};
		6CBCDB23247F4B6B0045ED4A /* Release */ = {
			isa = XCBuildConfiguration;
			baseConfigurationReference = B2A973C7436611029FFB9D62 /* Pods-UberClone.release.xcconfig */;
			buildSettings = {
				ASSETCATALOG_COMPILER_APPICON_NAME = AppIcon;
				CODE_SIGN_STYLE = Automatic;
				DEVELOPMENT_TEAM = 58B9M9NL9X;
				INFOPLIST_FILE = UberClone/Info.plist;
				LD_RUNPATH_SEARCH_PATHS = (
					"$(inherited)",
					"@executable_path/Frameworks",
				);
				PRODUCT_BUNDLE_IDENTIFIER = com.sonnenstudio.UberClone;
				PRODUCT_NAME = "$(TARGET_NAME)";
				SWIFT_VERSION = 5.0;
				TARGETED_DEVICE_FAMILY = "1,2";
			};
			name = Release;
		};
/* End XCBuildConfiguration section */

/* Begin XCConfigurationList section */
		6CBCDB08247F4B680045ED4A /* Build configuration list for PBXProject "UberClone" */ = {
			isa = XCConfigurationList;
			buildConfigurations = (
				6CBCDB1F247F4B6B0045ED4A /* Debug */,
				6CBCDB20247F4B6B0045ED4A /* Release */,
			);
			defaultConfigurationIsVisible = 0;
			defaultConfigurationName = Release;
		};
		6CBCDB21247F4B6B0045ED4A /* Build configuration list for PBXNativeTarget "UberClone" */ = {
			isa = XCConfigurationList;
			buildConfigurations = (
				6CBCDB22247F4B6B0045ED4A /* Debug */,
				6CBCDB23247F4B6B0045ED4A /* Release */,
			);
			defaultConfigurationIsVisible = 0;
			defaultConfigurationName = Release;
		};
/* End XCConfigurationList section */
	};
	rootObject = 6CBCDB05247F4B680045ED4A /* Project object */;
}
